// !$*UTF8*$!
{
	archiveVersion = 1;
	classes = {
	};
	objectVersion = 56;
	objects = {

/* Begin PBXBuildFile section */
		3A11013B2AC0362B004CF731 /* FavoritesView.swift in Sources */ = {isa = PBXBuildFile; fileRef = 3A11013A2AC0362B004CF731 /* FavoritesView.swift */; };
		3A209FCC2AAB1F6700AD67C3 /* SymbolButtonStyle.swift in Sources */ = {isa = PBXBuildFile; fileRef = 3A209FCB2AAB1F6700AD67C3 /* SymbolButtonStyle.swift */; };
		3A234DFB2AA883EC00197AA7 /* LibraryView.swift in Sources */ = {isa = PBXBuildFile; fileRef = 3A234DFA2AA883EC00197AA7 /* LibraryView.swift */; };
		3A234DFD2AA884FF00197AA7 /* LibraryView+Links.swift in Sources */ = {isa = PBXBuildFile; fileRef = 3A234DFC2AA884FF00197AA7 /* LibraryView+Links.swift */; };
		3A234E052AA88D6000197AA7 /* TracksView.swift in Sources */ = {isa = PBXBuildFile; fileRef = 3A234E042AA88D6000197AA7 /* TracksView.swift */; };
		3A234E152AA8DBC900197AA7 /* SortSelector.swift in Sources */ = {isa = PBXBuildFile; fileRef = 3A234E142AA8DBC900197AA7 /* SortSelector.swift */; };
		3A234E182AA8E0AD00197AA7 /* TrackListRow.swift in Sources */ = {isa = PBXBuildFile; fileRef = 3A234E172AA8E0AD00197AA7 /* TrackListRow.swift */; };
		3A234E1E2AA8E6F600197AA7 /* PlayButtonStyle.swift in Sources */ = {isa = PBXBuildFile; fileRef = 3A234E1D2AA8E6F600197AA7 /* PlayButtonStyle.swift */; };
		3A234E202AA8E8A000197AA7 /* TrackList.swift in Sources */ = {isa = PBXBuildFile; fileRef = 3A234E1F2AA8E8A000197AA7 /* TrackList.swift */; };
		3A2B932F2B00C7A700638AE9 /* LyricsTip.swift in Sources */ = {isa = PBXBuildFile; fileRef = 3A2B932E2B00C7A700638AE9 /* LyricsTip.swift */; };
		3A2B93312B00C9DA00638AE9 /* DownloadTip.swift in Sources */ = {isa = PBXBuildFile; fileRef = 3A2B93302B00C9DA00638AE9 /* DownloadTip.swift */; };
		3A2B93332B00D28700638AE9 /* InstantMixTip.swift in Sources */ = {isa = PBXBuildFile; fileRef = 3A2B93322B00D28700638AE9 /* InstantMixTip.swift */; };
		3A36A59E2ADEF8BA00D83BE7 /* AlbumRow.swift in Sources */ = {isa = PBXBuildFile; fileRef = 3A36A59D2ADEF8BA00D83BE7 /* AlbumRow.swift */; };
		3A36A5A02ADEF99700D83BE7 /* AlbumView+Additional.swift in Sources */ = {isa = PBXBuildFile; fileRef = 3A36A59F2ADEF99700D83BE7 /* AlbumView+Additional.swift */; };
		3A36A5A22ADF04AB00D83BE7 /* AlbumContextMenuModifier.swift in Sources */ = {isa = PBXBuildFile; fileRef = 3A36A5A12ADF04AB00D83BE7 /* AlbumContextMenuModifier.swift */; };
		3A3AF1A42AC4517B00811D7D /* AccountToolbarButtonModifier.swift in Sources */ = {isa = PBXBuildFile; fileRef = 3A3AF1A32AC4517B00811D7D /* AccountToolbarButtonModifier.swift */; };
		3A3AF1A62AC4523600811D7D /* AccountSheet.swift in Sources */ = {isa = PBXBuildFile; fileRef = 3A3AF1A52AC4523600811D7D /* AccountSheet.swift */; };
		3A3DA6612AAB29470091211A /* ArtistsView.swift in Sources */ = {isa = PBXBuildFile; fileRef = 3A3DA6602AAB29470091211A /* ArtistsView.swift */; };
		3A3DA6642AAB2BC10091211A /* ArtistList.swift in Sources */ = {isa = PBXBuildFile; fileRef = 3A3DA6632AAB2BC10091211A /* ArtistList.swift */; };
		3A3DA6682AAB2CDA0091211A /* ArtistListRow.swift in Sources */ = {isa = PBXBuildFile; fileRef = 3A3DA6672AAB2CDA0091211A /* ArtistListRow.swift */; };
		3A3DA66B2AAB2DDA0091211A /* ArtistView.swift in Sources */ = {isa = PBXBuildFile; fileRef = 3A3DA66A2AAB2DDA0091211A /* ArtistView.swift */; };
		3A3DA66D2AAB2EAE0091211A /* ArtistView+Header.swift in Sources */ = {isa = PBXBuildFile; fileRef = 3A3DA66C2AAB2EAE0091211A /* ArtistView+Header.swift */; };
		3A3EA5A72ACC206500600BC5 /* DownloadIndicator.swift in Sources */ = {isa = PBXBuildFile; fileRef = 3A3EA5A62ACC206500600BC5 /* DownloadIndicator.swift */; };
		3A3F113A2B010FB600E205DA /* HistoryTip.swift in Sources */ = {isa = PBXBuildFile; fileRef = 3A3F11392B010FB600E205DA /* HistoryTip.swift */; };
		3A3FEECD2AF7A3C8001F8AA0 /* Localizable.xcstrings in Resources */ = {isa = PBXBuildFile; fileRef = 3A3FEECC2AF7A3C8001F8AA0 /* Localizable.xcstrings */; };
		3A6565D72AAAADC400C1FBE9 /* NowPlayingSheet+Queue.swift in Sources */ = {isa = PBXBuildFile; fileRef = 3A6565D62AAAADC400C1FBE9 /* NowPlayingSheet+Queue.swift */; };
		3A6F50A72AACA3D600FC8A29 /* SearchView.swift in Sources */ = {isa = PBXBuildFile; fileRef = 3A6F50A62AACA3D600FC8A29 /* SearchView.swift */; };
		3A6F50A92AACA48400FC8A29 /* SearchView+Picker.swift in Sources */ = {isa = PBXBuildFile; fileRef = 3A6F50A82AACA48400FC8A29 /* SearchView+Picker.swift */; };
		3A6F50AB2AACABEB00FC8A29 /* AlbumListRow.swift in Sources */ = {isa = PBXBuildFile; fileRef = 3A6F50AA2AACABEB00FC8A29 /* AlbumListRow.swift */; };
		3A6F50AD2AACAFDF00FC8A29 /* AlbumLoadView.swift in Sources */ = {isa = PBXBuildFile; fileRef = 3A6F50AC2AACAFDF00FC8A29 /* AlbumLoadView.swift */; };
		3A6FC1F32ACC0BDB0070301B /* SpotlightDonator.swift in Sources */ = {isa = PBXBuildFile; fileRef = 3A6FC1F12ACC0BDA0070301B /* SpotlightDonator.swift */; };
		3A6FC1F42ACC0BDB0070301B /* UserContext.swift in Sources */ = {isa = PBXBuildFile; fileRef = 3A6FC1F22ACC0BDB0070301B /* UserContext.swift */; };
		3A82864A2AEC0D3400384BC9 /* README.md in Resources */ = {isa = PBXBuildFile; fileRef = 3A8286492AEC0D3400384BC9 /* README.md */; };
		3A88505C2AA909CE00456DDD /* AlbumCover.swift in Sources */ = {isa = PBXBuildFile; fileRef = 3A88505B2AA909CE00456DDD /* AlbumCover.swift */; };
		3A8850602AA90CA200456DDD /* AlbumGrid.swift in Sources */ = {isa = PBXBuildFile; fileRef = 3A88505F2AA90CA200456DDD /* AlbumGrid.swift */; };
		3A8850622AA90D1200456DDD /* AlbumsView.swift in Sources */ = {isa = PBXBuildFile; fileRef = 3A8850612AA90D1200456DDD /* AlbumsView.swift */; };
		3A8850642AA90E4600456DDD /* AlbumView.swift in Sources */ = {isa = PBXBuildFile; fileRef = 3A8850632AA90E4600456DDD /* AlbumView.swift */; };
		3A8850662AA9165300456DDD /* TrackListButtons.swift in Sources */ = {isa = PBXBuildFile; fileRef = 3A8850652AA9165300456DDD /* TrackListButtons.swift */; };
		3A8B993C2AA9FCC6004AAA7B /* NowPlayingSheet.swift in Sources */ = {isa = PBXBuildFile; fileRef = 3A8B993B2AA9FCC5004AAA7B /* NowPlayingSheet.swift */; };
		3A8B993E2AA9FE02004AAA7B /* NowPlayingSheet+Title.swift in Sources */ = {isa = PBXBuildFile; fileRef = 3A8B993D2AA9FE02004AAA7B /* NowPlayingSheet+Title.swift */; };
		3A8B99402AAA0085004AAA7B /* NowPlayingSheet+Controls.swift in Sources */ = {isa = PBXBuildFile; fileRef = 3A8B993F2AAA0085004AAA7B /* NowPlayingSheet+Controls.swift */; };
		3A8B99422AAA0880004AAA7B /* VolumeSlider.swift in Sources */ = {isa = PBXBuildFile; fileRef = 3A8B99412AAA0880004AAA7B /* VolumeSlider.swift */; };
		3A8B99452AAA08B1004AAA7B /* Slider.swift in Sources */ = {isa = PBXBuildFile; fileRef = 3A8B99442AAA08B1004AAA7B /* Slider.swift */; };
		3A8B99472AAA091A004AAA7B /* MPVolumeView+Volume.swift in Sources */ = {isa = PBXBuildFile; fileRef = 3A8B99462AAA091A004AAA7B /* MPVolumeView+Volume.swift */; };
		3A98A02E2AABA36600EA84CF /* LoadingView.swift in Sources */ = {isa = PBXBuildFile; fileRef = 3A98A02D2AABA36600EA84CF /* LoadingView.swift */; };
		3A98A0302AABA37B00EA84CF /* ErrorView.swift in Sources */ = {isa = PBXBuildFile; fileRef = 3A98A02F2AABA37B00EA84CF /* ErrorView.swift */; };
		3A98A0322AABA3DF00EA84CF /* ArtistLoadView.swift in Sources */ = {isa = PBXBuildFile; fileRef = 3A98A0312AABA3DF00EA84CF /* ArtistLoadView.swift */; };
		3AAC76732B02B23400E337C1 /* AppDelegate.swift in Sources */ = {isa = PBXBuildFile; fileRef = 3AAC76722B02B23400E337C1 /* AppDelegate.swift */; };
		3AAC76762B02B51B00E337C1 /* ConnectivityViewModel.swift in Sources */ = {isa = PBXBuildFile; fileRef = 3AAC76752B02B51B00E337C1 /* ConnectivityViewModel.swift */; };
		3AAC76782B02B68000E337C1 /* Connectivity+ViewModel.swift in Sources */ = {isa = PBXBuildFile; fileRef = 3AAC76772B02B68000E337C1 /* Connectivity+ViewModel.swift */; };
		3AAC767C2B02BD7A00E337C1 /* Connectivity+MessageTypes.swift in Sources */ = {isa = PBXBuildFile; fileRef = 3AAC767B2B02BD7A00E337C1 /* Connectivity+MessageTypes.swift */; };
		3AAC767E2B02BDC000E337C1 /* Connectivity+MessageTypes.swift in Sources */ = {isa = PBXBuildFile; fileRef = 3AAC767D2B02BDC000E337C1 /* Connectivity+MessageTypes.swift */; };
		3AAC76802B02C0EE00E337C1 /* Localizable.xcstrings in Resources */ = {isa = PBXBuildFile; fileRef = 3AAC767F2B02C0EE00E337C1 /* Localizable.xcstrings */; };
		3AAC76822B02C29A00E337C1 /* NavigationRoot.swift in Sources */ = {isa = PBXBuildFile; fileRef = 3AAC76812B02C29A00E337C1 /* NavigationRoot.swift */; };
		3AAC76852B02C4E600E337C1 /* LibraryView.swift in Sources */ = {isa = PBXBuildFile; fileRef = 3AAC76842B02C4E600E337C1 /* LibraryView.swift */; };
		3AAC76892B02C56B00E337C1 /* LoadingView.swift in Sources */ = {isa = PBXBuildFile; fileRef = 3AAC76882B02C56B00E337C1 /* LoadingView.swift */; };
		3AAC768B2B02C58700E337C1 /* ErrorView.swift in Sources */ = {isa = PBXBuildFile; fileRef = 3AAC768A2B02C58700E337C1 /* ErrorView.swift */; };
		3AAC768D2B02C68600E337C1 /* ItemImage.swift in Sources */ = {isa = PBXBuildFile; fileRef = 3AAC768C2B02C68600E337C1 /* ItemImage.swift */; };
		3AAC768F2B02C69F00E337C1 /* ItemImage.swift in Sources */ = {isa = PBXBuildFile; fileRef = 3AAC768E2B02C69F00E337C1 /* ItemImage.swift */; };
		3AAC76912B02C6AA00E337C1 /* NukeUI in Frameworks */ = {isa = PBXBuildFile; productRef = 3AAC76902B02C6AA00E337C1 /* NukeUI */; };
		3AB897942B02969100AF783D /* watchOSApp.swift in Sources */ = {isa = PBXBuildFile; fileRef = 3AB897932B02969100AF783D /* watchOSApp.swift */; };
		3AB897962B02969100AF783D /* ContentView.swift in Sources */ = {isa = PBXBuildFile; fileRef = 3AB897952B02969100AF783D /* ContentView.swift */; };
		3AB8979E2B02969200AF783D /* watchOS.app in Embed Watch Content */ = {isa = PBXBuildFile; fileRef = 3AB897912B02969100AF783D /* watchOS.app */; settings = {ATTRIBUTES = (RemoveHeadersOnCopy, ); }; };
		3AB897A72B029A9400AF783D /* MusicKit in Frameworks */ = {isa = PBXBuildFile; productRef = 3AB897A62B029A9400AF783D /* MusicKit */; };
		3AB897A92B029EB400AF783D /* MusicKit in Frameworks */ = {isa = PBXBuildFile; productRef = 3AB897A82B029EB400AF783D /* MusicKit */; };
		3AB897AB2B02A03D00AF783D /* Assets.xcassets in Resources */ = {isa = PBXBuildFile; fileRef = 3AB897AA2B02A03D00AF783D /* Assets.xcassets */; };
		3ADE8E912AA924E8009826A3 /* AlbumView+Header.swift in Sources */ = {isa = PBXBuildFile; fileRef = 3ADE8E902AA924E8009826A3 /* AlbumView+Header.swift */; };
		3ADE8E942AA9275C009826A3 /* UIImageColors in Frameworks */ = {isa = PBXBuildFile; productRef = 3ADE8E932AA9275C009826A3 /* UIImageColors */; };
		3ADE8E982AA92B47009826A3 /* UIColor+IsLight.swift in Sources */ = {isa = PBXBuildFile; fileRef = 3ADE8E972AA92B47009826A3 /* UIColor+IsLight.swift */; };
		3ADE8E9D2AA93A2F009826A3 /* Date+Get.swift in Sources */ = {isa = PBXBuildFile; fileRef = 3ADE8E9C2AA93A2F009826A3 /* Date+Get.swift */; };
		3ADE8EA02AA93D39009826A3 /* AlbumView+Toolbar.swift in Sources */ = {isa = PBXBuildFile; fileRef = 3ADE8E9F2AA93D39009826A3 /* AlbumView+Toolbar.swift */; };
		3ADE8EA22AA93D61009826A3 /* AlbumView+Colors.swift in Sources */ = {isa = PBXBuildFile; fileRef = 3ADE8EA12AA93D61009826A3 /* AlbumView+Colors.swift */; };
		3ADE8EA42AA94142009826A3 /* UINavigationController+Gesture.swift in Sources */ = {isa = PBXBuildFile; fileRef = 3ADE8EA32AA94142009826A3 /* UINavigationController+Gesture.swift */; };
		3ADE8EA72AA9464D009826A3 /* NowPlayingBarModifier.swift in Sources */ = {isa = PBXBuildFile; fileRef = 3ADE8EA62AA9464D009826A3 /* NowPlayingBarModifier.swift */; };
		3AE1B0DC2ABCDA0A0052C8AA /* AppDelegate.swift in Sources */ = {isa = PBXBuildFile; fileRef = 3AE1B0DB2ABCDA0A0052C8AA /* AppDelegate.swift */; };
		3AE1B0E32ABCDCE80052C8AA /* NukeUI in Frameworks */ = {isa = PBXBuildFile; productRef = 3AE1B0E22ABCDCE80052C8AA /* NukeUI */; };
		3AE322E12AFF7421002D70CC /* Intents.intentdefinition in Sources */ = {isa = PBXBuildFile; fileRef = 3AE322E02AFF7421002D70CC /* Intents.intentdefinition */; };
		3AEB322B2AA7EC3C00853210 /* iOSApp.swift in Sources */ = {isa = PBXBuildFile; fileRef = 3AEB321A2AA7EC3C00853210 /* iOSApp.swift */; };
		3AEB322F2AA7EC3C00853210 /* Assets.xcassets in Resources */ = {isa = PBXBuildFile; fileRef = 3AEB321F2AA7EC3C00853210 /* Assets.xcassets */; };
		3AEB32312AA7EC3C00853210 /* ContentView.swift in Sources */ = {isa = PBXBuildFile; fileRef = 3AEB32232AA7EC3C00853210 /* ContentView.swift */; };
		3AEB32322AA7EC3C00853210 /* LargeButtonStyle.swift in Sources */ = {isa = PBXBuildFile; fileRef = 3AEB32262AA7EC3C00853210 /* LargeButtonStyle.swift */; };
		3AEB32332AA7EC3C00853210 /* LoginView.swift in Sources */ = {isa = PBXBuildFile; fileRef = 3AEB32292AA7EC3C00853210 /* LoginView.swift */; };
		3AEB323B2AA7FF1100853210 /* NavigationRoot.swift in Sources */ = {isa = PBXBuildFile; fileRef = 3AEB323A2AA7FF1100853210 /* NavigationRoot.swift */; };
		3AEB323E2AA7FFA100853210 /* NavigationRoot+Search.swift in Sources */ = {isa = PBXBuildFile; fileRef = 3AEB323D2AA7FFA100853210 /* NavigationRoot+Search.swift */; };
		3AEB32402AA7FFF100853210 /* NavigationRoot+Library.swift in Sources */ = {isa = PBXBuildFile; fileRef = 3AEB323F2AA7FFF100853210 /* NavigationRoot+Library.swift */; };
		3AEB32422AA800C800853210 /* Navigation+Downloads.swift in Sources */ = {isa = PBXBuildFile; fileRef = 3AEB32412AA800C800853210 /* Navigation+Downloads.swift */; };
		3AF025D52B02CAF500C846DE /* Connectivity+Notifications.swift in Sources */ = {isa = PBXBuildFile; fileRef = 3AF025D42B02CAF500C846DE /* Connectivity+Notifications.swift */; };
		3AF025D72B02CC5F00C846DE /* NowPlayingModifier.swift in Sources */ = {isa = PBXBuildFile; fileRef = 3AF025D62B02CC5F00C846DE /* NowPlayingModifier.swift */; };
		3AF025DA2B02CD4200C846DE /* AlbumTab.swift in Sources */ = {isa = PBXBuildFile; fileRef = 3AF025D92B02CD4200C846DE /* AlbumTab.swift */; };
		3AF025DD2B02D27500C846DE /* ShuffleTip.swift in Sources */ = {isa = PBXBuildFile; fileRef = 3AF025DC2B02D27500C846DE /* ShuffleTip.swift */; };
		3AF815DD2AAA1A80004BA444 /* NowPlayingSheet+Lyrics.swift in Sources */ = {isa = PBXBuildFile; fileRef = 3AF815DC2AAA1A80004BA444 /* NowPlayingSheet+Lyrics.swift */; };
/* End PBXBuildFile section */

/* Begin PBXContainerItemProxy section */
		3AB8979C2B02969200AF783D /* PBXContainerItemProxy */ = {
			isa = PBXContainerItemProxy;
			containerPortal = 3ABAFCA22AA7D6C40011BFD6 /* Project object */;
			proxyType = 1;
			remoteGlobalIDString = 3AB897902B02969100AF783D;
			remoteInfo = "watchOS Watch App";
		};
/* End PBXContainerItemProxy section */

/* Begin PBXCopyFilesBuildPhase section */
		3AB897A22B02969200AF783D /* Embed Watch Content */ = {
			isa = PBXCopyFilesBuildPhase;
			buildActionMask = 2147483647;
			dstPath = "$(CONTENTS_FOLDER_PATH)/Watch";
			dstSubfolderSpec = 16;
			files = (
				3AB8979E2B02969200AF783D /* watchOS.app in Embed Watch Content */,
			);
			name = "Embed Watch Content";
			runOnlyForDeploymentPostprocessing = 0;
		};
/* End PBXCopyFilesBuildPhase section */

/* Begin PBXFileReference section */
		3A11013A2AC0362B004CF731 /* FavoritesView.swift */ = {isa = PBXFileReference; lastKnownFileType = sourcecode.swift; path = FavoritesView.swift; sourceTree = "<group>"; };
		3A209FCB2AAB1F6700AD67C3 /* SymbolButtonStyle.swift */ = {isa = PBXFileReference; lastKnownFileType = sourcecode.swift; path = SymbolButtonStyle.swift; sourceTree = "<group>"; };
		3A234DFA2AA883EC00197AA7 /* LibraryView.swift */ = {isa = PBXFileReference; lastKnownFileType = sourcecode.swift; path = LibraryView.swift; sourceTree = "<group>"; };
		3A234DFC2AA884FF00197AA7 /* LibraryView+Links.swift */ = {isa = PBXFileReference; lastKnownFileType = sourcecode.swift; path = "LibraryView+Links.swift"; sourceTree = "<group>"; };
		3A234E042AA88D6000197AA7 /* TracksView.swift */ = {isa = PBXFileReference; lastKnownFileType = sourcecode.swift; path = TracksView.swift; sourceTree = "<group>"; };
		3A234E142AA8DBC900197AA7 /* SortSelector.swift */ = {isa = PBXFileReference; lastKnownFileType = sourcecode.swift; path = SortSelector.swift; sourceTree = "<group>"; };
		3A234E172AA8E0AD00197AA7 /* TrackListRow.swift */ = {isa = PBXFileReference; lastKnownFileType = sourcecode.swift; path = TrackListRow.swift; sourceTree = "<group>"; };
		3A234E1D2AA8E6F600197AA7 /* PlayButtonStyle.swift */ = {isa = PBXFileReference; lastKnownFileType = sourcecode.swift; path = PlayButtonStyle.swift; sourceTree = "<group>"; };
		3A234E1F2AA8E8A000197AA7 /* TrackList.swift */ = {isa = PBXFileReference; lastKnownFileType = sourcecode.swift; path = TrackList.swift; sourceTree = "<group>"; };
		3A2B932E2B00C7A700638AE9 /* LyricsTip.swift */ = {isa = PBXFileReference; lastKnownFileType = sourcecode.swift; path = LyricsTip.swift; sourceTree = "<group>"; };
		3A2B93302B00C9DA00638AE9 /* DownloadTip.swift */ = {isa = PBXFileReference; lastKnownFileType = sourcecode.swift; path = DownloadTip.swift; sourceTree = "<group>"; };
		3A2B93322B00D28700638AE9 /* InstantMixTip.swift */ = {isa = PBXFileReference; lastKnownFileType = sourcecode.swift; path = InstantMixTip.swift; sourceTree = "<group>"; };
		3A36A59D2ADEF8BA00D83BE7 /* AlbumRow.swift */ = {isa = PBXFileReference; lastKnownFileType = sourcecode.swift; path = AlbumRow.swift; sourceTree = "<group>"; };
		3A36A59F2ADEF99700D83BE7 /* AlbumView+Additional.swift */ = {isa = PBXFileReference; lastKnownFileType = sourcecode.swift; path = "AlbumView+Additional.swift"; sourceTree = "<group>"; };
		3A36A5A12ADF04AB00D83BE7 /* AlbumContextMenuModifier.swift */ = {isa = PBXFileReference; lastKnownFileType = sourcecode.swift; path = AlbumContextMenuModifier.swift; sourceTree = "<group>"; };
		3A3AF1A32AC4517B00811D7D /* AccountToolbarButtonModifier.swift */ = {isa = PBXFileReference; lastKnownFileType = sourcecode.swift; path = AccountToolbarButtonModifier.swift; sourceTree = "<group>"; };
		3A3AF1A52AC4523600811D7D /* AccountSheet.swift */ = {isa = PBXFileReference; lastKnownFileType = sourcecode.swift; path = AccountSheet.swift; sourceTree = "<group>"; };
		3A3DA6602AAB29470091211A /* ArtistsView.swift */ = {isa = PBXFileReference; lastKnownFileType = sourcecode.swift; path = ArtistsView.swift; sourceTree = "<group>"; };
		3A3DA6632AAB2BC10091211A /* ArtistList.swift */ = {isa = PBXFileReference; lastKnownFileType = sourcecode.swift; path = ArtistList.swift; sourceTree = "<group>"; };
		3A3DA6672AAB2CDA0091211A /* ArtistListRow.swift */ = {isa = PBXFileReference; lastKnownFileType = sourcecode.swift; path = ArtistListRow.swift; sourceTree = "<group>"; };
		3A3DA66A2AAB2DDA0091211A /* ArtistView.swift */ = {isa = PBXFileReference; lastKnownFileType = sourcecode.swift; path = ArtistView.swift; sourceTree = "<group>"; };
		3A3DA66C2AAB2EAE0091211A /* ArtistView+Header.swift */ = {isa = PBXFileReference; lastKnownFileType = sourcecode.swift; path = "ArtistView+Header.swift"; sourceTree = "<group>"; };
		3A3EA5A62ACC206500600BC5 /* DownloadIndicator.swift */ = {isa = PBXFileReference; lastKnownFileType = sourcecode.swift; path = DownloadIndicator.swift; sourceTree = "<group>"; };
		3A3F11392B010FB600E205DA /* HistoryTip.swift */ = {isa = PBXFileReference; lastKnownFileType = sourcecode.swift; path = HistoryTip.swift; sourceTree = "<group>"; };
		3A3FEECC2AF7A3C8001F8AA0 /* Localizable.xcstrings */ = {isa = PBXFileReference; lastKnownFileType = text.json.xcstrings; path = Localizable.xcstrings; sourceTree = "<group>"; };
		3A6565D62AAAADC400C1FBE9 /* NowPlayingSheet+Queue.swift */ = {isa = PBXFileReference; lastKnownFileType = sourcecode.swift; path = "NowPlayingSheet+Queue.swift"; sourceTree = "<group>"; };
		3A6F50A62AACA3D600FC8A29 /* SearchView.swift */ = {isa = PBXFileReference; lastKnownFileType = sourcecode.swift; path = SearchView.swift; sourceTree = "<group>"; };
		3A6F50A82AACA48400FC8A29 /* SearchView+Picker.swift */ = {isa = PBXFileReference; lastKnownFileType = sourcecode.swift; path = "SearchView+Picker.swift"; sourceTree = "<group>"; };
		3A6F50AA2AACABEB00FC8A29 /* AlbumListRow.swift */ = {isa = PBXFileReference; lastKnownFileType = sourcecode.swift; path = AlbumListRow.swift; sourceTree = "<group>"; };
		3A6F50AC2AACAFDF00FC8A29 /* AlbumLoadView.swift */ = {isa = PBXFileReference; lastKnownFileType = sourcecode.swift; path = AlbumLoadView.swift; sourceTree = "<group>"; };
		3A6FC1F12ACC0BDA0070301B /* SpotlightDonator.swift */ = {isa = PBXFileReference; fileEncoding = 4; lastKnownFileType = sourcecode.swift; path = SpotlightDonator.swift; sourceTree = "<group>"; };
		3A6FC1F22ACC0BDB0070301B /* UserContext.swift */ = {isa = PBXFileReference; fileEncoding = 4; lastKnownFileType = sourcecode.swift; path = UserContext.swift; sourceTree = "<group>"; };
		3A8286492AEC0D3400384BC9 /* README.md */ = {isa = PBXFileReference; fileEncoding = 4; lastKnownFileType = net.daringfireball.markdown; path = README.md; sourceTree = "<group>"; };
		3A88505B2AA909CE00456DDD /* AlbumCover.swift */ = {isa = PBXFileReference; lastKnownFileType = sourcecode.swift; path = AlbumCover.swift; sourceTree = "<group>"; };
		3A88505F2AA90CA200456DDD /* AlbumGrid.swift */ = {isa = PBXFileReference; lastKnownFileType = sourcecode.swift; path = AlbumGrid.swift; sourceTree = "<group>"; };
		3A8850612AA90D1200456DDD /* AlbumsView.swift */ = {isa = PBXFileReference; lastKnownFileType = sourcecode.swift; path = AlbumsView.swift; sourceTree = "<group>"; };
		3A8850632AA90E4600456DDD /* AlbumView.swift */ = {isa = PBXFileReference; lastKnownFileType = sourcecode.swift; path = AlbumView.swift; sourceTree = "<group>"; };
		3A8850652AA9165300456DDD /* TrackListButtons.swift */ = {isa = PBXFileReference; lastKnownFileType = sourcecode.swift; path = TrackListButtons.swift; sourceTree = "<group>"; };
		3A8B993B2AA9FCC5004AAA7B /* NowPlayingSheet.swift */ = {isa = PBXFileReference; lastKnownFileType = sourcecode.swift; path = NowPlayingSheet.swift; sourceTree = "<group>"; };
		3A8B993D2AA9FE02004AAA7B /* NowPlayingSheet+Title.swift */ = {isa = PBXFileReference; lastKnownFileType = sourcecode.swift; path = "NowPlayingSheet+Title.swift"; sourceTree = "<group>"; };
		3A8B993F2AAA0085004AAA7B /* NowPlayingSheet+Controls.swift */ = {isa = PBXFileReference; lastKnownFileType = sourcecode.swift; path = "NowPlayingSheet+Controls.swift"; sourceTree = "<group>"; };
		3A8B99412AAA0880004AAA7B /* VolumeSlider.swift */ = {isa = PBXFileReference; lastKnownFileType = sourcecode.swift; path = VolumeSlider.swift; sourceTree = "<group>"; };
		3A8B99442AAA08B1004AAA7B /* Slider.swift */ = {isa = PBXFileReference; lastKnownFileType = sourcecode.swift; path = Slider.swift; sourceTree = "<group>"; };
		3A8B99462AAA091A004AAA7B /* MPVolumeView+Volume.swift */ = {isa = PBXFileReference; lastKnownFileType = sourcecode.swift; path = "MPVolumeView+Volume.swift"; sourceTree = "<group>"; };
		3A98A02D2AABA36600EA84CF /* LoadingView.swift */ = {isa = PBXFileReference; lastKnownFileType = sourcecode.swift; path = LoadingView.swift; sourceTree = "<group>"; };
		3A98A02F2AABA37B00EA84CF /* ErrorView.swift */ = {isa = PBXFileReference; lastKnownFileType = sourcecode.swift; path = ErrorView.swift; sourceTree = "<group>"; };
		3A98A0312AABA3DF00EA84CF /* ArtistLoadView.swift */ = {isa = PBXFileReference; lastKnownFileType = sourcecode.swift; path = ArtistLoadView.swift; sourceTree = "<group>"; };
		3AAC76722B02B23400E337C1 /* AppDelegate.swift */ = {isa = PBXFileReference; lastKnownFileType = sourcecode.swift; path = AppDelegate.swift; sourceTree = "<group>"; };
		3AAC76752B02B51B00E337C1 /* ConnectivityViewModel.swift */ = {isa = PBXFileReference; lastKnownFileType = sourcecode.swift; path = ConnectivityViewModel.swift; sourceTree = "<group>"; };
		3AAC76772B02B68000E337C1 /* Connectivity+ViewModel.swift */ = {isa = PBXFileReference; lastKnownFileType = sourcecode.swift; path = "Connectivity+ViewModel.swift"; sourceTree = "<group>"; };
		3AAC767B2B02BD7A00E337C1 /* Connectivity+MessageTypes.swift */ = {isa = PBXFileReference; lastKnownFileType = sourcecode.swift; path = "Connectivity+MessageTypes.swift"; sourceTree = "<group>"; };
		3AAC767D2B02BDC000E337C1 /* Connectivity+MessageTypes.swift */ = {isa = PBXFileReference; lastKnownFileType = sourcecode.swift; path = "Connectivity+MessageTypes.swift"; sourceTree = "<group>"; };
		3AAC767F2B02C0EE00E337C1 /* Localizable.xcstrings */ = {isa = PBXFileReference; lastKnownFileType = text.json.xcstrings; path = Localizable.xcstrings; sourceTree = "<group>"; };
		3AAC76812B02C29A00E337C1 /* NavigationRoot.swift */ = {isa = PBXFileReference; lastKnownFileType = sourcecode.swift; path = NavigationRoot.swift; sourceTree = "<group>"; };
		3AAC76842B02C4E600E337C1 /* LibraryView.swift */ = {isa = PBXFileReference; lastKnownFileType = sourcecode.swift; path = LibraryView.swift; sourceTree = "<group>"; };
		3AAC76882B02C56B00E337C1 /* LoadingView.swift */ = {isa = PBXFileReference; lastKnownFileType = sourcecode.swift; path = LoadingView.swift; sourceTree = "<group>"; };
		3AAC768A2B02C58700E337C1 /* ErrorView.swift */ = {isa = PBXFileReference; lastKnownFileType = sourcecode.swift; path = ErrorView.swift; sourceTree = "<group>"; };
		3AAC768C2B02C68600E337C1 /* ItemImage.swift */ = {isa = PBXFileReference; lastKnownFileType = sourcecode.swift; path = ItemImage.swift; sourceTree = "<group>"; };
		3AAC768E2B02C69F00E337C1 /* ItemImage.swift */ = {isa = PBXFileReference; lastKnownFileType = sourcecode.swift; path = ItemImage.swift; sourceTree = "<group>"; };
		3AB897912B02969100AF783D /* watchOS.app */ = {isa = PBXFileReference; explicitFileType = wrapper.application; includeInIndex = 0; path = watchOS.app; sourceTree = BUILT_PRODUCTS_DIR; };
		3AB897932B02969100AF783D /* watchOSApp.swift */ = {isa = PBXFileReference; lastKnownFileType = sourcecode.swift; path = watchOSApp.swift; sourceTree = "<group>"; };
		3AB897952B02969100AF783D /* ContentView.swift */ = {isa = PBXFileReference; lastKnownFileType = sourcecode.swift; path = ContentView.swift; sourceTree = "<group>"; };
		3AB897A42B02970100AF783D /* MusicKit */ = {isa = PBXFileReference; lastKnownFileType = wrapper; path = MusicKit; sourceTree = "<group>"; };
		3AB897AA2B02A03D00AF783D /* Assets.xcassets */ = {isa = PBXFileReference; lastKnownFileType = folder.assetcatalog; path = Assets.xcassets; sourceTree = "<group>"; };
		3ABAFCAA2AA7D6C40011BFD6 /* iOS.app */ = {isa = PBXFileReference; explicitFileType = wrapper.application; includeInIndex = 0; path = iOS.app; sourceTree = BUILT_PRODUCTS_DIR; };
		3ADE8E902AA924E8009826A3 /* AlbumView+Header.swift */ = {isa = PBXFileReference; lastKnownFileType = sourcecode.swift; path = "AlbumView+Header.swift"; sourceTree = "<group>"; };
		3ADE8E972AA92B47009826A3 /* UIColor+IsLight.swift */ = {isa = PBXFileReference; lastKnownFileType = sourcecode.swift; path = "UIColor+IsLight.swift"; sourceTree = "<group>"; };
		3ADE8E9C2AA93A2F009826A3 /* Date+Get.swift */ = {isa = PBXFileReference; lastKnownFileType = sourcecode.swift; path = "Date+Get.swift"; sourceTree = "<group>"; };
		3ADE8E9F2AA93D39009826A3 /* AlbumView+Toolbar.swift */ = {isa = PBXFileReference; lastKnownFileType = sourcecode.swift; path = "AlbumView+Toolbar.swift"; sourceTree = "<group>"; };
		3ADE8EA12AA93D61009826A3 /* AlbumView+Colors.swift */ = {isa = PBXFileReference; lastKnownFileType = sourcecode.swift; path = "AlbumView+Colors.swift"; sourceTree = "<group>"; };
		3ADE8EA32AA94142009826A3 /* UINavigationController+Gesture.swift */ = {isa = PBXFileReference; lastKnownFileType = sourcecode.swift; path = "UINavigationController+Gesture.swift"; sourceTree = "<group>"; };
		3ADE8EA62AA9464D009826A3 /* NowPlayingBarModifier.swift */ = {isa = PBXFileReference; lastKnownFileType = sourcecode.swift; path = NowPlayingBarModifier.swift; sourceTree = "<group>"; };
		3AE1B0DB2ABCDA0A0052C8AA /* AppDelegate.swift */ = {isa = PBXFileReference; lastKnownFileType = sourcecode.swift; path = AppDelegate.swift; sourceTree = "<group>"; };
		3AE322E02AFF7421002D70CC /* Intents.intentdefinition */ = {isa = PBXFileReference; lastKnownFileType = file.intentdefinition; path = Intents.intentdefinition; sourceTree = "<group>"; };
		3AEB321A2AA7EC3C00853210 /* iOSApp.swift */ = {isa = PBXFileReference; fileEncoding = 4; lastKnownFileType = sourcecode.swift; path = iOSApp.swift; sourceTree = "<group>"; };
		3AEB321F2AA7EC3C00853210 /* Assets.xcassets */ = {isa = PBXFileReference; lastKnownFileType = folder.assetcatalog; path = Assets.xcassets; sourceTree = "<group>"; };
		3AEB32222AA7EC3C00853210 /* Entitlements.entitlements */ = {isa = PBXFileReference; fileEncoding = 4; lastKnownFileType = text.plist.entitlements; path = Entitlements.entitlements; sourceTree = "<group>"; };
		3AEB32232AA7EC3C00853210 /* ContentView.swift */ = {isa = PBXFileReference; fileEncoding = 4; lastKnownFileType = sourcecode.swift; path = ContentView.swift; sourceTree = "<group>"; };
		3AEB32262AA7EC3C00853210 /* LargeButtonStyle.swift */ = {isa = PBXFileReference; fileEncoding = 4; lastKnownFileType = sourcecode.swift; path = LargeButtonStyle.swift; sourceTree = "<group>"; };
		3AEB32292AA7EC3C00853210 /* LoginView.swift */ = {isa = PBXFileReference; fileEncoding = 4; lastKnownFileType = sourcecode.swift; path = LoginView.swift; sourceTree = "<group>"; };
		3AEB322A2AA7EC3C00853210 /* Info.plist */ = {isa = PBXFileReference; fileEncoding = 4; lastKnownFileType = text.plist.xml; path = Info.plist; sourceTree = "<group>"; };
		3AEB323A2AA7FF1100853210 /* NavigationRoot.swift */ = {isa = PBXFileReference; lastKnownFileType = sourcecode.swift; path = NavigationRoot.swift; sourceTree = "<group>"; };
		3AEB323D2AA7FFA100853210 /* NavigationRoot+Search.swift */ = {isa = PBXFileReference; lastKnownFileType = sourcecode.swift; path = "NavigationRoot+Search.swift"; sourceTree = "<group>"; };
		3AEB323F2AA7FFF100853210 /* NavigationRoot+Library.swift */ = {isa = PBXFileReference; lastKnownFileType = sourcecode.swift; path = "NavigationRoot+Library.swift"; sourceTree = "<group>"; };
		3AEB32412AA800C800853210 /* Navigation+Downloads.swift */ = {isa = PBXFileReference; lastKnownFileType = sourcecode.swift; path = "Navigation+Downloads.swift"; sourceTree = "<group>"; };
		3AF025D42B02CAF500C846DE /* Connectivity+Notifications.swift */ = {isa = PBXFileReference; lastKnownFileType = sourcecode.swift; path = "Connectivity+Notifications.swift"; sourceTree = "<group>"; };
		3AF025D62B02CC5F00C846DE /* NowPlayingModifier.swift */ = {isa = PBXFileReference; lastKnownFileType = sourcecode.swift; path = NowPlayingModifier.swift; sourceTree = "<group>"; };
		3AF025D92B02CD4200C846DE /* AlbumTab.swift */ = {isa = PBXFileReference; lastKnownFileType = sourcecode.swift; path = AlbumTab.swift; sourceTree = "<group>"; };
		3AF025DC2B02D27500C846DE /* ShuffleTip.swift */ = {isa = PBXFileReference; lastKnownFileType = sourcecode.swift; path = ShuffleTip.swift; sourceTree = "<group>"; };
		3AF815DC2AAA1A80004BA444 /* NowPlayingSheet+Lyrics.swift */ = {isa = PBXFileReference; lastKnownFileType = sourcecode.swift; path = "NowPlayingSheet+Lyrics.swift"; sourceTree = "<group>"; };
/* End PBXFileReference section */

/* Begin PBXFrameworksBuildPhase section */
		3AB8978E2B02969100AF783D /* Frameworks */ = {
			isa = PBXFrameworksBuildPhase;
			buildActionMask = 2147483647;
			files = (
				3AB897A92B029EB400AF783D /* MusicKit in Frameworks */,
				3AAC76912B02C6AA00E337C1 /* NukeUI in Frameworks */,
			);
			runOnlyForDeploymentPostprocessing = 0;
		};
		3ABAFCA72AA7D6C40011BFD6 /* Frameworks */ = {
			isa = PBXFrameworksBuildPhase;
			buildActionMask = 2147483647;
			files = (
				3AB897A72B029A9400AF783D /* MusicKit in Frameworks */,
				3ADE8E942AA9275C009826A3 /* UIImageColors in Frameworks */,
				3AE1B0E32ABCDCE80052C8AA /* NukeUI in Frameworks */,
			);
			runOnlyForDeploymentPostprocessing = 0;
		};
/* End PBXFrameworksBuildPhase section */

/* Begin PBXGroup section */
		3A234DF92AA883D900197AA7 /* Library */ = {
			isa = PBXGroup;
			children = (
				3A234DFA2AA883EC00197AA7 /* LibraryView.swift */,
				3A234DFC2AA884FF00197AA7 /* LibraryView+Links.swift */,
				3A98A02B2AABA32D00EA84CF /* Sections */,
			);
			path = Library;
			sourceTree = "<group>";
		};
		3A234E132AA8DBB900197AA7 /* Components */ = {
			isa = PBXGroup;
			children = (
				3A234E142AA8DBC900197AA7 /* SortSelector.swift */,
				3A8850652AA9165300456DDD /* TrackListButtons.swift */,
				3A2B932D2B00C79D00638AE9 /* Tips */,
				3A234E162AA8E0A300197AA7 /* Items */,
				3A8B99432AAA089F004AAA7B /* Sliders */,
				3ADE8EA52AA94637009826A3 /* AudioPlayer */,
				3A98A02C2AABA35700EA84CF /* Fallback */,
			);
			path = Components;
			sourceTree = "<group>";
		};
		3A234E162AA8E0A300197AA7 /* Items */ = {
			isa = PBXGroup;
			children = (
				3AAC768C2B02C68600E337C1 /* ItemImage.swift */,
				3A3EA5A62ACC206500600BC5 /* DownloadIndicator.swift */,
				3A8850582AA9099600456DDD /* Tracks */,
				3A8850592AA9099F00456DDD /* Album */,
				3A3DA6622AAB2BB40091211A /* Artist */,
			);
			path = Items;
			sourceTree = "<group>";
		};
		3A260CA82AAC9A4C00616677 /* Search */ = {
			isa = PBXGroup;
			children = (
				3A6F50A62AACA3D600FC8A29 /* SearchView.swift */,
				3A6F50A82AACA48400FC8A29 /* SearchView+Picker.swift */,
			);
			path = Search;
			sourceTree = "<group>";
		};
		3A2B932D2B00C79D00638AE9 /* Tips */ = {
			isa = PBXGroup;
			children = (
				3A2B932E2B00C7A700638AE9 /* LyricsTip.swift */,
				3A3F11392B010FB600E205DA /* HistoryTip.swift */,
				3A2B93302B00C9DA00638AE9 /* DownloadTip.swift */,
				3A2B93322B00D28700638AE9 /* InstantMixTip.swift */,
			);
			path = Tips;
			sourceTree = "<group>";
		};
		3A3DA6622AAB2BB40091211A /* Artist */ = {
			isa = PBXGroup;
			children = (
				3A3DA6632AAB2BC10091211A /* ArtistList.swift */,
				3A3DA6672AAB2CDA0091211A /* ArtistListRow.swift */,
			);
			path = Artist;
			sourceTree = "<group>";
		};
		3A3DA6692AAB2DCD0091211A /* Artist */ = {
			isa = PBXGroup;
			children = (
				3A3DA66A2AAB2DDA0091211A /* ArtistView.swift */,
				3A3DA66C2AAB2EAE0091211A /* ArtistView+Header.swift */,
				3A98A0312AABA3DF00EA84CF /* ArtistLoadView.swift */,
			);
			path = Artist;
			sourceTree = "<group>";
		};
		3A6FC1F52ACC0BE30070301B /* Intents */ = {
			isa = PBXGroup;
			children = (
				3A6FC1F12ACC0BDA0070301B /* SpotlightDonator.swift */,
				3A6FC1F22ACC0BDB0070301B /* UserContext.swift */,
			);
			path = Intents;
			sourceTree = "<group>";
		};
		3A8850582AA9099600456DDD /* Tracks */ = {
			isa = PBXGroup;
			children = (
				3A234E1F2AA8E8A000197AA7 /* TrackList.swift */,
				3A234E172AA8E0AD00197AA7 /* TrackListRow.swift */,
			);
			path = Tracks;
			sourceTree = "<group>";
		};
		3A8850592AA9099F00456DDD /* Album */ = {
			isa = PBXGroup;
			children = (
				3A36A59D2ADEF8BA00D83BE7 /* AlbumRow.swift */,
				3A88505F2AA90CA200456DDD /* AlbumGrid.swift */,
				3A88505B2AA909CE00456DDD /* AlbumCover.swift */,
				3A6F50AA2AACABEB00FC8A29 /* AlbumListRow.swift */,
				3A36A5A12ADF04AB00D83BE7 /* AlbumContextMenuModifier.swift */,
			);
			path = Album;
			sourceTree = "<group>";
		};
		3A8B99432AAA089F004AAA7B /* Sliders */ = {
			isa = PBXGroup;
			children = (
				3A8B99442AAA08B1004AAA7B /* Slider.swift */,
				3A8B99412AAA0880004AAA7B /* VolumeSlider.swift */,
			);
			path = Sliders;
			sourceTree = "<group>";
		};
		3A98A02B2AABA32D00EA84CF /* Sections */ = {
			isa = PBXGroup;
			children = (
				3A234E042AA88D6000197AA7 /* TracksView.swift */,
				3A8850612AA90D1200456DDD /* AlbumsView.swift */,
				3A3DA6602AAB29470091211A /* ArtistsView.swift */,
				3A11013A2AC0362B004CF731 /* FavoritesView.swift */,
			);
			path = Sections;
			sourceTree = "<group>";
		};
		3A98A02C2AABA35700EA84CF /* Fallback */ = {
			isa = PBXGroup;
			children = (
				3A98A02D2AABA36600EA84CF /* LoadingView.swift */,
				3A98A02F2AABA37B00EA84CF /* ErrorView.swift */,
			);
			path = Fallback;
			sourceTree = "<group>";
		};
		3A98A0332AABA48D00EA84CF /* Util */ = {
			isa = PBXGroup;
			children = (
				3AAC76742B02B50700E337C1 /* Watch */,
				3A6FC1F52ACC0BE30070301B /* Intents */,
				3ADE8E952AA92B03009826A3 /* Extensions */,
			);
			path = Util;
			sourceTree = "<group>";
		};
		3AAC76742B02B50700E337C1 /* Watch */ = {
			isa = PBXGroup;
			children = (
				3AAC76752B02B51B00E337C1 /* ConnectivityViewModel.swift */,
				3AAC767D2B02BDC000E337C1 /* Connectivity+MessageTypes.swift */,
			);
			path = Watch;
			sourceTree = "<group>";
		};
		3AAC76792B02BD6400E337C1 /* Util */ = {
			isa = PBXGroup;
			children = (
				3AAC767A2B02BD6C00E337C1 /* Connectivity */,
			);
			path = Util;
			sourceTree = "<group>";
		};
		3AAC767A2B02BD6C00E337C1 /* Connectivity */ = {
			isa = PBXGroup;
			children = (
				3AAC76772B02B68000E337C1 /* Connectivity+ViewModel.swift */,
				3AAC767B2B02BD7A00E337C1 /* Connectivity+MessageTypes.swift */,
				3AF025D42B02CAF500C846DE /* Connectivity+Notifications.swift */,
			);
			path = Connectivity;
			sourceTree = "<group>";
		};
		3AAC76832B02C4D300E337C1 /* Views */ = {
			isa = PBXGroup;
			children = (
				3AAC76842B02C4E600E337C1 /* LibraryView.swift */,
			);
			path = Views;
			sourceTree = "<group>";
		};
		3AAC76862B02C51200E337C1 /* Components */ = {
			isa = PBXGroup;
			children = (
				3AF025D62B02CC5F00C846DE /* NowPlayingModifier.swift */,
				3AF025DB2B02D26900C846DE /* Tips */,
				3AF025D82B02CD3400C846DE /* Items */,
				3AAC76872B02C56000E337C1 /* Fallback */,
			);
			path = Components;
			sourceTree = "<group>";
		};
		3AAC76872B02C56000E337C1 /* Fallback */ = {
			isa = PBXGroup;
			children = (
				3AAC768A2B02C58700E337C1 /* ErrorView.swift */,
				3AAC76882B02C56B00E337C1 /* LoadingView.swift */,
			);
			path = Fallback;
			sourceTree = "<group>";
		};
		3AB897922B02969100AF783D /* watchOS */ = {
			isa = PBXGroup;
			children = (
				3AAC76792B02BD6400E337C1 /* Util */,
				3AAC76832B02C4D300E337C1 /* Views */,
				3AAC76862B02C51200E337C1 /* Components */,
				3AB897A32B0296C400AF783D /* Core */,
				3AB897AA2B02A03D00AF783D /* Assets.xcassets */,
				3AAC767F2B02C0EE00E337C1 /* Localizable.xcstrings */,
			);
			path = watchOS;
			sourceTree = "<group>";
		};
		3AB897A32B0296C400AF783D /* Core */ = {
			isa = PBXGroup;
			children = (
				3AB897952B02969100AF783D /* ContentView.swift */,
				3AAC76722B02B23400E337C1 /* AppDelegate.swift */,
				3AAC76812B02C29A00E337C1 /* NavigationRoot.swift */,
				3AB897932B02969100AF783D /* watchOSApp.swift */,
			);
			path = Core;
			sourceTree = "<group>";
		};
		3AB897A52B029A9400AF783D /* Frameworks */ = {
			isa = PBXGroup;
			children = (
			);
			name = Frameworks;
			sourceTree = "<group>";
		};
		3ABAFCA12AA7D6C40011BFD6 = {
			isa = PBXGroup;
			children = (
				3A8286492AEC0D3400384BC9 /* README.md */,
				3AEB32192AA7EC3C00853210 /* iOS */,
				3AB897922B02969100AF783D /* watchOS */,
				3AB897A42B02970100AF783D /* MusicKit */,
				3ABAFCAB2AA7D6C40011BFD6 /* Products */,
				3AB897A52B029A9400AF783D /* Frameworks */,
			);
			sourceTree = "<group>";
		};
		3ABAFCAB2AA7D6C40011BFD6 /* Products */ = {
			isa = PBXGroup;
			children = (
				3ABAFCAA2AA7D6C40011BFD6 /* iOS.app */,
				3AB897912B02969100AF783D /* watchOS.app */,
			);
			name = Products;
			sourceTree = "<group>";
		};
		3ADE8E952AA92B03009826A3 /* Extensions */ = {
			isa = PBXGroup;
			children = (
				3ADE8E9C2AA93A2F009826A3 /* Date+Get.swift */,
				3ADE8E972AA92B47009826A3 /* UIColor+IsLight.swift */,
				3A8B99462AAA091A004AAA7B /* MPVolumeView+Volume.swift */,
				3ADE8EA32AA94142009826A3 /* UINavigationController+Gesture.swift */,
			);
			path = Extensions;
			sourceTree = "<group>";
		};
		3ADE8E9E2AA93CC4009826A3 /* Album */ = {
			isa = PBXGroup;
			children = (
				3A8850632AA90E4600456DDD /* AlbumView.swift */,
				3ADE8E902AA924E8009826A3 /* AlbumView+Header.swift */,
				3ADE8E9F2AA93D39009826A3 /* AlbumView+Toolbar.swift */,
				3ADE8EA12AA93D61009826A3 /* AlbumView+Colors.swift */,
				3A36A59F2ADEF99700D83BE7 /* AlbumView+Additional.swift */,
				3A6F50AC2AACAFDF00FC8A29 /* AlbumLoadView.swift */,
			);
			path = Album;
			sourceTree = "<group>";
		};
		3ADE8EA52AA94637009826A3 /* AudioPlayer */ = {
			isa = PBXGroup;
			children = (
				3ADE8EA62AA9464D009826A3 /* NowPlayingBarModifier.swift */,
				3A8B993B2AA9FCC5004AAA7B /* NowPlayingSheet.swift */,
				3A8B993D2AA9FE02004AAA7B /* NowPlayingSheet+Title.swift */,
				3A8B993F2AAA0085004AAA7B /* NowPlayingSheet+Controls.swift */,
				3AF815DC2AAA1A80004BA444 /* NowPlayingSheet+Lyrics.swift */,
				3A6565D62AAAADC400C1FBE9 /* NowPlayingSheet+Queue.swift */,
			);
			path = AudioPlayer;
			sourceTree = "<group>";
		};
		3AEB32192AA7EC3C00853210 /* iOS */ = {
			isa = PBXGroup;
			children = (
				3A98A0332AABA48D00EA84CF /* Util */,
				3AEB32272AA7EC3C00853210 /* Views */,
				3A234E132AA8DBB900197AA7 /* Components */,
				3AEB323C2AA7FF4500853210 /* Navigation */,
				3AEB32252AA7EC3C00853210 /* Styles */,
				3AEB32392AA7F63200853210 /* Core */,
				3AEB322A2AA7EC3C00853210 /* Info.plist */,
				3AEB321F2AA7EC3C00853210 /* Assets.xcassets */,
				3AE322E02AFF7421002D70CC /* Intents.intentdefinition */,
				3A3FEECC2AF7A3C8001F8AA0 /* Localizable.xcstrings */,
				3AEB32222AA7EC3C00853210 /* Entitlements.entitlements */,
			);
			path = iOS;
			sourceTree = "<group>";
		};
		3AEB32252AA7EC3C00853210 /* Styles */ = {
			isa = PBXGroup;
			children = (
				3AEB32262AA7EC3C00853210 /* LargeButtonStyle.swift */,
				3A234E1D2AA8E6F600197AA7 /* PlayButtonStyle.swift */,
				3A209FCB2AAB1F6700AD67C3 /* SymbolButtonStyle.swift */,
			);
			path = Styles;
			sourceTree = "<group>";
		};
		3AEB32272AA7EC3C00853210 /* Views */ = {
			isa = PBXGroup;
			children = (
				3A234DF92AA883D900197AA7 /* Library */,
				3ADE8E9E2AA93CC4009826A3 /* Album */,
				3A3DA6692AAB2DCD0091211A /* Artist */,
				3A260CA82AAC9A4C00616677 /* Search */,
				3AEB32282AA7EC3C00853210 /* Account */,
			);
			path = Views;
			sourceTree = "<group>";
		};
		3AEB32282AA7EC3C00853210 /* Account */ = {
			isa = PBXGroup;
			children = (
				3AEB32292AA7EC3C00853210 /* LoginView.swift */,
				3A3AF1A52AC4523600811D7D /* AccountSheet.swift */,
				3A3AF1A32AC4517B00811D7D /* AccountToolbarButtonModifier.swift */,
			);
			path = Account;
			sourceTree = "<group>";
		};
		3AEB32392AA7F63200853210 /* Core */ = {
			isa = PBXGroup;
			children = (
				3AEB321A2AA7EC3C00853210 /* iOSApp.swift */,
				3AEB32232AA7EC3C00853210 /* ContentView.swift */,
				3AE1B0DB2ABCDA0A0052C8AA /* AppDelegate.swift */,
			);
			path = Core;
			sourceTree = "<group>";
		};
		3AEB323C2AA7FF4500853210 /* Navigation */ = {
			isa = PBXGroup;
			children = (
				3AEB323A2AA7FF1100853210 /* NavigationRoot.swift */,
				3AEB323D2AA7FFA100853210 /* NavigationRoot+Search.swift */,
				3AEB323F2AA7FFF100853210 /* NavigationRoot+Library.swift */,
				3AEB32412AA800C800853210 /* Navigation+Downloads.swift */,
			);
			path = Navigation;
			sourceTree = "<group>";
		};
		3AF025D82B02CD3400C846DE /* Items */ = {
			isa = PBXGroup;
			children = (
				3AAC768E2B02C69F00E337C1 /* ItemImage.swift */,
				3AF025D92B02CD4200C846DE /* AlbumTab.swift */,
			);
			path = Items;
			sourceTree = "<group>";
		};
		3AF025DB2B02D26900C846DE /* Tips */ = {
			isa = PBXGroup;
			children = (
				3AF025DC2B02D27500C846DE /* ShuffleTip.swift */,
			);
			path = Tips;
			sourceTree = "<group>";
		};
/* End PBXGroup section */

/* Begin PBXNativeTarget section */
		3AB897902B02969100AF783D /* watchOS */ = {
			isa = PBXNativeTarget;
			buildConfigurationList = 3AB8979F2B02969200AF783D /* Build configuration list for PBXNativeTarget "watchOS" */;
			buildPhases = (
				3AB8978D2B02969100AF783D /* Sources */,
				3AB8978E2B02969100AF783D /* Frameworks */,
				3AB8978F2B02969100AF783D /* Resources */,
			);
			buildRules = (
			);
			dependencies = (
			);
			name = watchOS;
			packageProductDependencies = (
				3AB897A82B029EB400AF783D /* MusicKit */,
				3AAC76902B02C6AA00E337C1 /* NukeUI */,
			);
			productName = "watchOS Watch App";
			productReference = 3AB897912B02969100AF783D /* watchOS.app */;
			productType = "com.apple.product-type.application";
		};
		3ABAFCA92AA7D6C40011BFD6 /* iOS */ = {
			isa = PBXNativeTarget;
			buildConfigurationList = 3ABAFCBB2AA7D6C50011BFD6 /* Build configuration list for PBXNativeTarget "iOS" */;
			buildPhases = (
				3ABAFCA62AA7D6C40011BFD6 /* Sources */,
				3ABAFCA72AA7D6C40011BFD6 /* Frameworks */,
				3ABAFCA82AA7D6C40011BFD6 /* Resources */,
				3A51594E2AD01FF600CD5680 /* ShellScript */,
				3AB897A22B02969200AF783D /* Embed Watch Content */,
			);
			buildRules = (
			);
			dependencies = (
				3AB8979D2B02969200AF783D /* PBXTargetDependency */,
			);
			name = iOS;
			packageProductDependencies = (
				3ADE8E932AA9275C009826A3 /* UIImageColors */,
				3AE1B0E22ABCDCE80052C8AA /* NukeUI */,
				3AB897A62B029A9400AF783D /* MusicKit */,
			);
			productName = JellyfinMusic;
			productReference = 3ABAFCAA2AA7D6C40011BFD6 /* iOS.app */;
			productType = "com.apple.product-type.application";
		};
/* End PBXNativeTarget section */

/* Begin PBXProject section */
		3ABAFCA22AA7D6C40011BFD6 /* Project object */ = {
			isa = PBXProject;
			attributes = {
				BuildIndependentTargetsInParallel = 1;
				LastSwiftUpdateCheck = 1500;
				LastUpgradeCheck = 1500;
				TargetAttributes = {
					3AB897902B02969100AF783D = {
						CreatedOnToolsVersion = 15.0.1;
					};
					3ABAFCA92AA7D6C40011BFD6 = {
						CreatedOnToolsVersion = 15.0;
					};
				};
			};
			buildConfigurationList = 3ABAFCA52AA7D6C40011BFD6 /* Build configuration list for PBXProject "Music" */;
			compatibilityVersion = "Xcode 14.0";
			developmentRegion = en;
			hasScannedForEncodings = 0;
			knownRegions = (
				en,
				Base,
				de,
			);
			mainGroup = 3ABAFCA12AA7D6C40011BFD6;
			packageReferences = (
				3ADE8E922AA9275C009826A3 /* XCRemoteSwiftPackageReference "UIImageColors" */,
				3AE1B0DD2ABCDCE80052C8AA /* XCRemoteSwiftPackageReference "Nuke" */,
			);
			productRefGroup = 3ABAFCAB2AA7D6C40011BFD6 /* Products */;
			projectDirPath = "";
			projectRoot = "";
			targets = (
				3ABAFCA92AA7D6C40011BFD6 /* iOS */,
				3AB897902B02969100AF783D /* watchOS */,
			);
		};
/* End PBXProject section */

/* Begin PBXResourcesBuildPhase section */
		3AB8978F2B02969100AF783D /* Resources */ = {
			isa = PBXResourcesBuildPhase;
			buildActionMask = 2147483647;
			files = (
				3AAC76802B02C0EE00E337C1 /* Localizable.xcstrings in Resources */,
				3AB897AB2B02A03D00AF783D /* Assets.xcassets in Resources */,
			);
			runOnlyForDeploymentPostprocessing = 0;
		};
		3ABAFCA82AA7D6C40011BFD6 /* Resources */ = {
			isa = PBXResourcesBuildPhase;
			buildActionMask = 2147483647;
			files = (
				3A82864A2AEC0D3400384BC9 /* README.md in Resources */,
				3AEB322F2AA7EC3C00853210 /* Assets.xcassets in Resources */,
				3A3FEECD2AF7A3C8001F8AA0 /* Localizable.xcstrings in Resources */,
			);
			runOnlyForDeploymentPostprocessing = 0;
		};
/* End PBXResourcesBuildPhase section */

/* Begin PBXShellScriptBuildPhase section */
		3A51594E2AD01FF600CD5680 /* ShellScript */ = {
			isa = PBXShellScriptBuildPhase;
			alwaysOutOfDate = 1;
			buildActionMask = 2147483647;
			files = (
			);
			inputFileListPaths = (
			);
			inputPaths = (
			);
			outputFileListPaths = (
			);
			outputPaths = (
			);
			runOnlyForDeploymentPostprocessing = 0;
			shellPath = /bin/sh;
			shellScript = "if [ \"${CONFIGURATION}\" = \"Release\" ]; then\n    buildNumber=$(git rev-list --count head)\n    /usr/libexec/PlistBuddy -c \"Set :CFBundleVersion $buildNumber\" \"${TARGET_BUILD_DIR}/${INFOPLIST_PATH}\"\nfi\n";
		};
/* End PBXShellScriptBuildPhase section */

/* Begin PBXSourcesBuildPhase section */
		3AB8978D2B02969100AF783D /* Sources */ = {
			isa = PBXSourcesBuildPhase;
			buildActionMask = 2147483647;
			files = (
				3AAC76852B02C4E600E337C1 /* LibraryView.swift in Sources */,
				3AAC767C2B02BD7A00E337C1 /* Connectivity+MessageTypes.swift in Sources */,
				3AAC768F2B02C69F00E337C1 /* ItemImage.swift in Sources */,
				3AAC76732B02B23400E337C1 /* AppDelegate.swift in Sources */,
				3AF025DA2B02CD4200C846DE /* AlbumTab.swift in Sources */,
				3AF025DD2B02D27500C846DE /* ShuffleTip.swift in Sources */,
				3AAC76782B02B68000E337C1 /* Connectivity+ViewModel.swift in Sources */,
				3AAC76822B02C29A00E337C1 /* NavigationRoot.swift in Sources */,
				3AF025D52B02CAF500C846DE /* Connectivity+Notifications.swift in Sources */,
				3AAC76892B02C56B00E337C1 /* LoadingView.swift in Sources */,
				3AB897962B02969100AF783D /* ContentView.swift in Sources */,
				3AAC768B2B02C58700E337C1 /* ErrorView.swift in Sources */,
				3AF025D72B02CC5F00C846DE /* NowPlayingModifier.swift in Sources */,
				3AB897942B02969100AF783D /* watchOSApp.swift in Sources */,
			);
			runOnlyForDeploymentPostprocessing = 0;
		};
		3ABAFCA62AA7D6C40011BFD6 /* Sources */ = {
			isa = PBXSourcesBuildPhase;
			buildActionMask = 2147483647;
			files = (
				3ADE8E982AA92B47009826A3 /* UIColor+IsLight.swift in Sources */,
				3A3AF1A42AC4517B00811D7D /* AccountToolbarButtonModifier.swift in Sources */,
				3ADE8E912AA924E8009826A3 /* AlbumView+Header.swift in Sources */,
				3A36A5A22ADF04AB00D83BE7 /* AlbumContextMenuModifier.swift in Sources */,
				3AEB323B2AA7FF1100853210 /* NavigationRoot.swift in Sources */,
				3A98A0322AABA3DF00EA84CF /* ArtistLoadView.swift in Sources */,
				3A6FC1F32ACC0BDB0070301B /* SpotlightDonator.swift in Sources */,
				3A3AF1A62AC4523600811D7D /* AccountSheet.swift in Sources */,
				3A234DFD2AA884FF00197AA7 /* LibraryView+Links.swift in Sources */,
				3A6565D72AAAADC400C1FBE9 /* NowPlayingSheet+Queue.swift in Sources */,
				3A36A5A02ADEF99700D83BE7 /* AlbumView+Additional.swift in Sources */,
				3AEB32332AA7EC3C00853210 /* LoginView.swift in Sources */,
				3AEB32402AA7FFF100853210 /* NavigationRoot+Library.swift in Sources */,
				3A3F113A2B010FB600E205DA /* HistoryTip.swift in Sources */,
				3A8850602AA90CA200456DDD /* AlbumGrid.swift in Sources */,
				3A98A02E2AABA36600EA84CF /* LoadingView.swift in Sources */,
				3AAC768D2B02C68600E337C1 /* ItemImage.swift in Sources */,
				3ADE8EA72AA9464D009826A3 /* NowPlayingBarModifier.swift in Sources */,
				3A234E1E2AA8E6F600197AA7 /* PlayButtonStyle.swift in Sources */,
				3A88505C2AA909CE00456DDD /* AlbumCover.swift in Sources */,
				3A8B993C2AA9FCC6004AAA7B /* NowPlayingSheet.swift in Sources */,
				3A6F50AD2AACAFDF00FC8A29 /* AlbumLoadView.swift in Sources */,
				3A8850622AA90D1200456DDD /* AlbumsView.swift in Sources */,
				3AEB32422AA800C800853210 /* Navigation+Downloads.swift in Sources */,
				3AE1B0DC2ABCDA0A0052C8AA /* AppDelegate.swift in Sources */,
				3A234DFB2AA883EC00197AA7 /* LibraryView.swift in Sources */,
				3AF815DD2AAA1A80004BA444 /* NowPlayingSheet+Lyrics.swift in Sources */,
				3A8B99422AAA0880004AAA7B /* VolumeSlider.swift in Sources */,
				3AEB323E2AA7FFA100853210 /* NavigationRoot+Search.swift in Sources */,
				3A98A0302AABA37B00EA84CF /* ErrorView.swift in Sources */,
				3ADE8EA42AA94142009826A3 /* UINavigationController+Gesture.swift in Sources */,
				3A234E052AA88D6000197AA7 /* TracksView.swift in Sources */,
				3AEB32322AA7EC3C00853210 /* LargeButtonStyle.swift in Sources */,
				3AEB32312AA7EC3C00853210 /* ContentView.swift in Sources */,
				3A234E202AA8E8A000197AA7 /* TrackList.swift in Sources */,
				3A209FCC2AAB1F6700AD67C3 /* SymbolButtonStyle.swift in Sources */,
				3A234E152AA8DBC900197AA7 /* SortSelector.swift in Sources */,
				3A3DA66D2AAB2EAE0091211A /* ArtistView+Header.swift in Sources */,
				3AAC767E2B02BDC000E337C1 /* Connectivity+MessageTypes.swift in Sources */,
				3A6F50A72AACA3D600FC8A29 /* SearchView.swift in Sources */,
				3A234E182AA8E0AD00197AA7 /* TrackListRow.swift in Sources */,
				3A6F50A92AACA48400FC8A29 /* SearchView+Picker.swift in Sources */,
				3A6FC1F42ACC0BDB0070301B /* UserContext.swift in Sources */,
				3A8B99452AAA08B1004AAA7B /* Slider.swift in Sources */,
				3AEB322B2AA7EC3C00853210 /* iOSApp.swift in Sources */,
				3A3EA5A72ACC206500600BC5 /* DownloadIndicator.swift in Sources */,
				3ADE8EA22AA93D61009826A3 /* AlbumView+Colors.swift in Sources */,
				3A8850662AA9165300456DDD /* TrackListButtons.swift in Sources */,
				3A36A59E2ADEF8BA00D83BE7 /* AlbumRow.swift in Sources */,
				3A3DA6612AAB29470091211A /* ArtistsView.swift in Sources */,
				3ADE8EA02AA93D39009826A3 /* AlbumView+Toolbar.swift in Sources */,
				3A3DA66B2AAB2DDA0091211A /* ArtistView.swift in Sources */,
				3AAC76762B02B51B00E337C1 /* ConnectivityViewModel.swift in Sources */,
				3A3DA6682AAB2CDA0091211A /* ArtistListRow.swift in Sources */,
				3A8B99402AAA0085004AAA7B /* NowPlayingSheet+Controls.swift in Sources */,
				3A2B932F2B00C7A700638AE9 /* LyricsTip.swift in Sources */,
				3ADE8E9D2AA93A2F009826A3 /* Date+Get.swift in Sources */,
				3A6F50AB2AACABEB00FC8A29 /* AlbumListRow.swift in Sources */,
				3A11013B2AC0362B004CF731 /* FavoritesView.swift in Sources */,
				3A8B993E2AA9FE02004AAA7B /* NowPlayingSheet+Title.swift in Sources */,
				3A2B93312B00C9DA00638AE9 /* DownloadTip.swift in Sources */,
				3A3DA6642AAB2BC10091211A /* ArtistList.swift in Sources */,
				3A2B93332B00D28700638AE9 /* InstantMixTip.swift in Sources */,
				3A8850642AA90E4600456DDD /* AlbumView.swift in Sources */,
				3AE322E12AFF7421002D70CC /* Intents.intentdefinition in Sources */,
				3A8B99472AAA091A004AAA7B /* MPVolumeView+Volume.swift in Sources */,
			);
			runOnlyForDeploymentPostprocessing = 0;
		};
/* End PBXSourcesBuildPhase section */

/* Begin PBXTargetDependency section */
		3AB8979D2B02969200AF783D /* PBXTargetDependency */ = {
			isa = PBXTargetDependency;
			target = 3AB897902B02969100AF783D /* watchOS */;
			targetProxy = 3AB8979C2B02969200AF783D /* PBXContainerItemProxy */;
		};
/* End PBXTargetDependency section */

/* Begin XCBuildConfiguration section */
		3AB897A02B02969200AF783D /* Debug */ = {
			isa = XCBuildConfiguration;
			buildSettings = {
				ASSETCATALOG_COMPILER_APPICON_NAME = AppIcon;
				ASSETCATALOG_COMPILER_GLOBAL_ACCENT_COLOR_NAME = AccentColor;
				CODE_SIGN_STYLE = Automatic;
				CURRENT_PROJECT_VERSION = 1;
				DEVELOPMENT_TEAM = N8AA4S3S96;
				ENABLE_PREVIEWS = YES;
				GENERATE_INFOPLIST_FILE = YES;
				INFOPLIST_KEY_CFBundleDisplayName = watchOS;
				INFOPLIST_KEY_UISupportedInterfaceOrientations = "UIInterfaceOrientationPortrait UIInterfaceOrientationPortraitUpsideDown";
				INFOPLIST_KEY_WKCompanionAppBundleIdentifier = io.rfk.ampfin;
				LD_RUNPATH_SEARCH_PATHS = (
					"$(inherited)",
					"@executable_path/Frameworks",
				);
				MARKETING_VERSION = 1.0;
				PRODUCT_BUNDLE_IDENTIFIER = io.rfk.ampfin.watchkitapp;
				PRODUCT_NAME = "$(TARGET_NAME)";
				SDKROOT = watchos;
				SKIP_INSTALL = YES;
				SWIFT_EMIT_LOC_STRINGS = YES;
				SWIFT_VERSION = 5.0;
				TARGETED_DEVICE_FAMILY = 4;
				WATCHOS_DEPLOYMENT_TARGET = 10.0;
			};
			name = Debug;
		};
		3AB897A12B02969200AF783D /* Release */ = {
			isa = XCBuildConfiguration;
			buildSettings = {
				ASSETCATALOG_COMPILER_APPICON_NAME = AppIcon;
				ASSETCATALOG_COMPILER_GLOBAL_ACCENT_COLOR_NAME = AccentColor;
				CODE_SIGN_STYLE = Automatic;
				CURRENT_PROJECT_VERSION = 1;
				DEVELOPMENT_TEAM = N8AA4S3S96;
				ENABLE_PREVIEWS = YES;
				GENERATE_INFOPLIST_FILE = YES;
				INFOPLIST_KEY_CFBundleDisplayName = watchOS;
				INFOPLIST_KEY_UISupportedInterfaceOrientations = "UIInterfaceOrientationPortrait UIInterfaceOrientationPortraitUpsideDown";
				INFOPLIST_KEY_WKCompanionAppBundleIdentifier = io.rfk.ampfin;
				LD_RUNPATH_SEARCH_PATHS = (
					"$(inherited)",
					"@executable_path/Frameworks",
				);
				MARKETING_VERSION = 1.0;
				PRODUCT_BUNDLE_IDENTIFIER = io.rfk.ampfin.watchkitapp;
				PRODUCT_NAME = "$(TARGET_NAME)";
				SDKROOT = watchos;
				SKIP_INSTALL = YES;
				SWIFT_EMIT_LOC_STRINGS = YES;
				SWIFT_VERSION = 5.0;
				TARGETED_DEVICE_FAMILY = 4;
				VALIDATE_PRODUCT = YES;
				WATCHOS_DEPLOYMENT_TARGET = 10.0;
			};
			name = Release;
		};
		3ABAFCB92AA7D6C50011BFD6 /* Debug */ = {
			isa = XCBuildConfiguration;
			buildSettings = {
				ALWAYS_SEARCH_USER_PATHS = NO;
				ASSETCATALOG_COMPILER_GENERATE_SWIFT_ASSET_SYMBOL_EXTENSIONS = YES;
				CLANG_ANALYZER_NONNULL = YES;
				CLANG_ANALYZER_NUMBER_OBJECT_CONVERSION = YES_AGGRESSIVE;
				CLANG_CXX_LANGUAGE_STANDARD = "gnu++20";
				CLANG_ENABLE_MODULES = YES;
				CLANG_ENABLE_OBJC_ARC = YES;
				CLANG_ENABLE_OBJC_WEAK = YES;
				CLANG_WARN_BLOCK_CAPTURE_AUTORELEASING = YES;
				CLANG_WARN_BOOL_CONVERSION = YES;
				CLANG_WARN_COMMA = YES;
				CLANG_WARN_CONSTANT_CONVERSION = YES;
				CLANG_WARN_DEPRECATED_OBJC_IMPLEMENTATIONS = YES;
				CLANG_WARN_DIRECT_OBJC_ISA_USAGE = YES_ERROR;
				CLANG_WARN_DOCUMENTATION_COMMENTS = YES;
				CLANG_WARN_EMPTY_BODY = YES;
				CLANG_WARN_ENUM_CONVERSION = YES;
				CLANG_WARN_INFINITE_RECURSION = YES;
				CLANG_WARN_INT_CONVERSION = YES;
				CLANG_WARN_NON_LITERAL_NULL_CONVERSION = YES;
				CLANG_WARN_OBJC_IMPLICIT_RETAIN_SELF = YES;
				CLANG_WARN_OBJC_LITERAL_CONVERSION = YES;
				CLANG_WARN_OBJC_ROOT_CLASS = YES_ERROR;
				CLANG_WARN_QUOTED_INCLUDE_IN_FRAMEWORK_HEADER = YES;
				CLANG_WARN_RANGE_LOOP_ANALYSIS = YES;
				CLANG_WARN_STRICT_PROTOTYPES = YES;
				CLANG_WARN_SUSPICIOUS_MOVE = YES;
				CLANG_WARN_UNGUARDED_AVAILABILITY = YES_AGGRESSIVE;
				CLANG_WARN_UNREACHABLE_CODE = YES;
				CLANG_WARN__DUPLICATE_METHOD_MATCH = YES;
				COPY_PHASE_STRIP = NO;
				DEBUG_INFORMATION_FORMAT = dwarf;
				ENABLE_STRICT_OBJC_MSGSEND = YES;
				ENABLE_TESTABILITY = YES;
				ENABLE_USER_SCRIPT_SANDBOXING = YES;
				GCC_C_LANGUAGE_STANDARD = gnu17;
				GCC_DYNAMIC_NO_PIC = NO;
				GCC_NO_COMMON_BLOCKS = YES;
				GCC_OPTIMIZATION_LEVEL = 0;
				GCC_PREPROCESSOR_DEFINITIONS = (
					"DEBUG=1",
					"$(inherited)",
				);
				GCC_WARN_64_TO_32_BIT_CONVERSION = YES;
				GCC_WARN_ABOUT_RETURN_TYPE = YES_ERROR;
				GCC_WARN_UNDECLARED_SELECTOR = YES;
				GCC_WARN_UNINITIALIZED_AUTOS = YES_AGGRESSIVE;
				GCC_WARN_UNUSED_FUNCTION = YES;
				GCC_WARN_UNUSED_VARIABLE = YES;
				LOCALIZATION_PREFERS_STRING_CATALOGS = YES;
				MTL_ENABLE_DEBUG_INFO = INCLUDE_SOURCE;
				MTL_FAST_MATH = YES;
				ONLY_ACTIVE_ARCH = YES;
				SWIFT_ACTIVE_COMPILATION_CONDITIONS = "DEBUG $(inherited)";
				SWIFT_OPTIMIZATION_LEVEL = "-Onone";
			};
			name = Debug;
		};
		3ABAFCBA2AA7D6C50011BFD6 /* Release */ = {
			isa = XCBuildConfiguration;
			buildSettings = {
				ALWAYS_SEARCH_USER_PATHS = NO;
				ASSETCATALOG_COMPILER_GENERATE_SWIFT_ASSET_SYMBOL_EXTENSIONS = YES;
				CLANG_ANALYZER_NONNULL = YES;
				CLANG_ANALYZER_NUMBER_OBJECT_CONVERSION = YES_AGGRESSIVE;
				CLANG_CXX_LANGUAGE_STANDARD = "gnu++20";
				CLANG_ENABLE_MODULES = YES;
				CLANG_ENABLE_OBJC_ARC = YES;
				CLANG_ENABLE_OBJC_WEAK = YES;
				CLANG_WARN_BLOCK_CAPTURE_AUTORELEASING = YES;
				CLANG_WARN_BOOL_CONVERSION = YES;
				CLANG_WARN_COMMA = YES;
				CLANG_WARN_CONSTANT_CONVERSION = YES;
				CLANG_WARN_DEPRECATED_OBJC_IMPLEMENTATIONS = YES;
				CLANG_WARN_DIRECT_OBJC_ISA_USAGE = YES_ERROR;
				CLANG_WARN_DOCUMENTATION_COMMENTS = YES;
				CLANG_WARN_EMPTY_BODY = YES;
				CLANG_WARN_ENUM_CONVERSION = YES;
				CLANG_WARN_INFINITE_RECURSION = YES;
				CLANG_WARN_INT_CONVERSION = YES;
				CLANG_WARN_NON_LITERAL_NULL_CONVERSION = YES;
				CLANG_WARN_OBJC_IMPLICIT_RETAIN_SELF = YES;
				CLANG_WARN_OBJC_LITERAL_CONVERSION = YES;
				CLANG_WARN_OBJC_ROOT_CLASS = YES_ERROR;
				CLANG_WARN_QUOTED_INCLUDE_IN_FRAMEWORK_HEADER = YES;
				CLANG_WARN_RANGE_LOOP_ANALYSIS = YES;
				CLANG_WARN_STRICT_PROTOTYPES = YES;
				CLANG_WARN_SUSPICIOUS_MOVE = YES;
				CLANG_WARN_UNGUARDED_AVAILABILITY = YES_AGGRESSIVE;
				CLANG_WARN_UNREACHABLE_CODE = YES;
				CLANG_WARN__DUPLICATE_METHOD_MATCH = YES;
				COPY_PHASE_STRIP = NO;
				DEBUG_INFORMATION_FORMAT = "dwarf-with-dsym";
				ENABLE_NS_ASSERTIONS = NO;
				ENABLE_STRICT_OBJC_MSGSEND = YES;
				ENABLE_USER_SCRIPT_SANDBOXING = YES;
				GCC_C_LANGUAGE_STANDARD = gnu17;
				GCC_NO_COMMON_BLOCKS = YES;
				GCC_WARN_64_TO_32_BIT_CONVERSION = YES;
				GCC_WARN_ABOUT_RETURN_TYPE = YES_ERROR;
				GCC_WARN_UNDECLARED_SELECTOR = YES;
				GCC_WARN_UNINITIALIZED_AUTOS = YES_AGGRESSIVE;
				GCC_WARN_UNUSED_FUNCTION = YES;
				GCC_WARN_UNUSED_VARIABLE = YES;
				LOCALIZATION_PREFERS_STRING_CATALOGS = YES;
				MTL_ENABLE_DEBUG_INFO = NO;
				MTL_FAST_MATH = YES;
				SWIFT_COMPILATION_MODE = wholemodule;
			};
			name = Release;
		};
		3ABAFCBC2AA7D6C50011BFD6 /* Debug */ = {
			isa = XCBuildConfiguration;
			buildSettings = {
				ALWAYS_EMBED_SWIFT_STANDARD_LIBRARIES = YES;
				ASSETCATALOG_COMPILER_APPICON_NAME = AppIcon;
				ASSETCATALOG_COMPILER_GLOBAL_ACCENT_COLOR_NAME = AccentColor;
				CODE_SIGN_ENTITLEMENTS = iOS/Entitlements.entitlements;
				CODE_SIGN_STYLE = Automatic;
				CURRENT_PROJECT_VERSION = DEVELOPMENT;
				DEVELOPMENT_TEAM = N8AA4S3S96;
				ENABLE_HARDENED_RUNTIME = YES;
				ENABLE_PREVIEWS = YES;
				ENABLE_USER_SCRIPT_SANDBOXING = NO;
				GENERATE_INFOPLIST_FILE = YES;
				INFOPLIST_FILE = iOS/Info.plist;
				INFOPLIST_KEY_CFBundleDisplayName = AmpFin;
				INFOPLIST_KEY_LSApplicationCategoryType = "public.app-category.music";
				"INFOPLIST_KEY_UIApplicationSceneManifest_Generation[sdk=iphoneos*]" = YES;
				"INFOPLIST_KEY_UIApplicationSceneManifest_Generation[sdk=iphonesimulator*]" = YES;
				"INFOPLIST_KEY_UIApplicationSupportsIndirectInputEvents[sdk=iphoneos*]" = YES;
				"INFOPLIST_KEY_UIApplicationSupportsIndirectInputEvents[sdk=iphonesimulator*]" = YES;
				"INFOPLIST_KEY_UILaunchScreen_Generation[sdk=iphoneos*]" = YES;
				"INFOPLIST_KEY_UILaunchScreen_Generation[sdk=iphonesimulator*]" = YES;
				"INFOPLIST_KEY_UIStatusBarStyle[sdk=iphoneos*]" = UIStatusBarStyleDefault;
				"INFOPLIST_KEY_UIStatusBarStyle[sdk=iphonesimulator*]" = UIStatusBarStyleDefault;
				INFOPLIST_KEY_UISupportedInterfaceOrientations = UIInterfaceOrientationPortrait;
				INFOPLIST_KEY_UISupportedInterfaceOrientations_iPad = "UIInterfaceOrientationLandscapeLeft UIInterfaceOrientationLandscapeRight UIInterfaceOrientationPortrait UIInterfaceOrientationPortraitUpsideDown";
				IPHONEOS_DEPLOYMENT_TARGET = 17.0;
				LD_RUNPATH_SEARCH_PATHS = "@executable_path/Frameworks";
				"LD_RUNPATH_SEARCH_PATHS[sdk=macosx*]" = "@executable_path/../Frameworks";
				MACOSX_DEPLOYMENT_TARGET = 14.0;
				MARKETING_VERSION = 1.0.7;
				PRODUCT_BUNDLE_IDENTIFIER = io.rfk.ampfin;
				PRODUCT_NAME = "$(TARGET_NAME)";
				SDKROOT = auto;
				SUPPORTED_PLATFORMS = "iphoneos iphonesimulator";
				SUPPORTS_MACCATALYST = NO;
				SWIFT_EMIT_LOC_STRINGS = YES;
				SWIFT_VERSION = 5.0;
				TARGETED_DEVICE_FAMILY = 1;
			};
			name = Debug;
		};
		3ABAFCBD2AA7D6C50011BFD6 /* Release */ = {
			isa = XCBuildConfiguration;
			buildSettings = {
				ALWAYS_EMBED_SWIFT_STANDARD_LIBRARIES = YES;
				ASSETCATALOG_COMPILER_APPICON_NAME = AppIcon;
				ASSETCATALOG_COMPILER_GLOBAL_ACCENT_COLOR_NAME = AccentColor;
				CODE_SIGN_ENTITLEMENTS = iOS/Entitlements.entitlements;
				CODE_SIGN_STYLE = Automatic;
				CURRENT_PROJECT_VERSION = DEVELOPMENT;
				DEVELOPMENT_TEAM = N8AA4S3S96;
				ENABLE_HARDENED_RUNTIME = YES;
				ENABLE_PREVIEWS = YES;
				ENABLE_USER_SCRIPT_SANDBOXING = NO;
				GENERATE_INFOPLIST_FILE = YES;
				INFOPLIST_FILE = iOS/Info.plist;
				INFOPLIST_KEY_CFBundleDisplayName = AmpFin;
				INFOPLIST_KEY_LSApplicationCategoryType = "public.app-category.music";
				"INFOPLIST_KEY_UIApplicationSceneManifest_Generation[sdk=iphoneos*]" = YES;
				"INFOPLIST_KEY_UIApplicationSceneManifest_Generation[sdk=iphonesimulator*]" = YES;
				"INFOPLIST_KEY_UIApplicationSupportsIndirectInputEvents[sdk=iphoneos*]" = YES;
				"INFOPLIST_KEY_UIApplicationSupportsIndirectInputEvents[sdk=iphonesimulator*]" = YES;
				"INFOPLIST_KEY_UILaunchScreen_Generation[sdk=iphoneos*]" = YES;
				"INFOPLIST_KEY_UILaunchScreen_Generation[sdk=iphonesimulator*]" = YES;
				"INFOPLIST_KEY_UIStatusBarStyle[sdk=iphoneos*]" = UIStatusBarStyleDefault;
				"INFOPLIST_KEY_UIStatusBarStyle[sdk=iphonesimulator*]" = UIStatusBarStyleDefault;
				INFOPLIST_KEY_UISupportedInterfaceOrientations = UIInterfaceOrientationPortrait;
				INFOPLIST_KEY_UISupportedInterfaceOrientations_iPad = "UIInterfaceOrientationLandscapeLeft UIInterfaceOrientationLandscapeRight UIInterfaceOrientationPortrait UIInterfaceOrientationPortraitUpsideDown";
				IPHONEOS_DEPLOYMENT_TARGET = 17.0;
				LD_RUNPATH_SEARCH_PATHS = "@executable_path/Frameworks";
				"LD_RUNPATH_SEARCH_PATHS[sdk=macosx*]" = "@executable_path/../Frameworks";
				MACOSX_DEPLOYMENT_TARGET = 14.0;
				MARKETING_VERSION = 1.0.7;
				PRODUCT_BUNDLE_IDENTIFIER = io.rfk.ampfin;
				PRODUCT_NAME = "$(TARGET_NAME)";
				SDKROOT = auto;
				SUPPORTED_PLATFORMS = "iphoneos iphonesimulator";
				SUPPORTS_MACCATALYST = NO;
				SWIFT_EMIT_LOC_STRINGS = YES;
				SWIFT_VERSION = 5.0;
				TARGETED_DEVICE_FAMILY = 1;
			};
			name = Release;
		};
/* End XCBuildConfiguration section */

/* Begin XCConfigurationList section */
		3AB8979F2B02969200AF783D /* Build configuration list for PBXNativeTarget "watchOS" */ = {
			isa = XCConfigurationList;
			buildConfigurations = (
				3AB897A02B02969200AF783D /* Debug */,
				3AB897A12B02969200AF783D /* Release */,
			);
			defaultConfigurationIsVisible = 0;
			defaultConfigurationName = Release;
		};
		3ABAFCA52AA7D6C40011BFD6 /* Build configuration list for PBXProject "Music" */ = {
			isa = XCConfigurationList;
			buildConfigurations = (
				3ABAFCB92AA7D6C50011BFD6 /* Debug */,
				3ABAFCBA2AA7D6C50011BFD6 /* Release */,
			);
			defaultConfigurationIsVisible = 0;
			defaultConfigurationName = Release;
		};
		3ABAFCBB2AA7D6C50011BFD6 /* Build configuration list for PBXNativeTarget "iOS" */ = {
			isa = XCConfigurationList;
			buildConfigurations = (
				3ABAFCBC2AA7D6C50011BFD6 /* Debug */,
				3ABAFCBD2AA7D6C50011BFD6 /* Release */,
			);
			defaultConfigurationIsVisible = 0;
			defaultConfigurationName = Release;
		};
/* End XCConfigurationList section */

/* Begin XCRemoteSwiftPackageReference section */
		3ADE8E922AA9275C009826A3 /* XCRemoteSwiftPackageReference "UIImageColors" */ = {
			isa = XCRemoteSwiftPackageReference;
			repositoryURL = "https://github.com/FelixHerrmann/UIImageColors.git";
			requirement = {
				kind = upToNextMajorVersion;
				minimumVersion = 2.2.0;
			};
		};
		3AE1B0DD2ABCDCE80052C8AA /* XCRemoteSwiftPackageReference "Nuke" */ = {
			isa = XCRemoteSwiftPackageReference;
			repositoryURL = "https://github.com/kean/Nuke.git";
			requirement = {
				kind = upToNextMajorVersion;
				minimumVersion = 12.1.6;
			};
		};
/* End XCRemoteSwiftPackageReference section */

/* Begin XCSwiftPackageProductDependency section */
		3AAC76902B02C6AA00E337C1 /* NukeUI */ = {
			isa = XCSwiftPackageProductDependency;
			package = 3AE1B0DD2ABCDCE80052C8AA /* XCRemoteSwiftPackageReference "Nuke" */;
			productName = NukeUI;
		};
		3AB897A62B029A9400AF783D /* MusicKit */ = {
			isa = XCSwiftPackageProductDependency;
			productName = MusicKit;
		};
		3AB897A82B029EB400AF783D /* MusicKit */ = {
			isa = XCSwiftPackageProductDependency;
			productName = MusicKit;
		};
		3ADE8E932AA9275C009826A3 /* UIImageColors */ = {
			isa = XCSwiftPackageProductDependency;
			package = 3ADE8E922AA9275C009826A3 /* XCRemoteSwiftPackageReference "UIImageColors" */;
			productName = UIImageColors;
		};
		3AE1B0E22ABCDCE80052C8AA /* NukeUI */ = {
			isa = XCSwiftPackageProductDependency;
			package = 3AE1B0DD2ABCDCE80052C8AA /* XCRemoteSwiftPackageReference "Nuke" */;
			productName = NukeUI;
		};
/* End XCSwiftPackageProductDependency section */
	};
	rootObject = 3ABAFCA22AA7D6C40011BFD6 /* Project object */;
}
