{
  "pins" : [
    {
      "identity" : "swiftui-introspect",
      "kind" : "remoteSourceControl",
      "location" : "https://github.com/siteline/SwiftUI-Introspect",
      "state" : {
        "revision" : "121c146fe591b1320238d054ae35c81ffa45f45a",
        "version" : "0.12.0"
      }
    },
    {
      "identity" : "uiimagecolors",
      "kind" : "remoteSourceControl",
      "location" : "https://github.com/FelixHerrmann/UIImageColors.git",
      "state" : {
        "revision" : "e49e6c32ea556e9fa0109dc79686bea4a10d41a2",
        "version" : "2.2.0"
      }
    }
  ],
  "version" : 2
}
